
Microsoft Visual Studio Solution File, Format Version 12.00
# Visual Studio 15
VisualStudioVersion = 15.0.28307.136
MinimumVisualStudioVersion = 10.0.40219.1
Project("{FAE04EC0-301F-11D3-BF4B-00C04F79EFBC}") = "ExportClass", "ExportClass\ExportClass.csproj", "{6ED24CA6-3BFC-4120-BF47-E8BC95AF12C5}"
EndProject
Global
	GlobalSection(SolutionConfigurationPlatforms) = preSolution
		Debug|Any CPU = Debug|Any CPU
		Release|Any CPU = Release|Any CPU
	EndGlobalSection
	GlobalSection(ProjectConfigurationPlatforms) = postSolution
		{6ED24CA6-3BFC-4120-BF47-E8BC95AF12C5}.Debug|Any CPU.ActiveCfg = Debug|Any CPU
		{6ED24CA6-3BFC-4120-BF47-E8BC95AF12C5}.Debug|Any CPU.Build.0 = Debug|Any CPU
		{6ED24CA6-3BFC-4120-BF47-E8BC95AF12C5}.Release|Any CPU.ActiveCfg = Release|Any CPU
		{6ED24CA6-3BFC-4120-BF47-E8BC95AF12C5}.Release|Any CPU.Build.0 = Release|Any CPU
	EndGlobalSection
	GlobalSection(SolutionProperties) = preSolution
		HideSolutionNode = FALSE
	EndGlobalSection
	GlobalSection(ExtensibilityGlobals) = postSolution
		SolutionGuid = {9070865F-FE8D-49BB-B93E-2613D5ED21ED}
	EndGlobalSection
EndGlobal
